// !$*UTF8*$!
{
	archiveVersion = 1;
	classes = {
	};
	objectVersion = 50;
	objects = {

/* Begin PBXBuildFile section */
		28CCE633262E2BF300EA2B5C /* AppDelegate.swift in Sources */ = {isa = PBXBuildFile; fileRef = 28CCE632262E2BF300EA2B5C /* AppDelegate.swift */; };
		28CCE635262E2BF300EA2B5C /* SceneDelegate.swift in Sources */ = {isa = PBXBuildFile; fileRef = 28CCE634262E2BF300EA2B5C /* SceneDelegate.swift */; };
		28CCE637262E2BF300EA2B5C /* ViewController.swift in Sources */ = {isa = PBXBuildFile; fileRef = 28CCE636262E2BF300EA2B5C /* ViewController.swift */; };
		28CCE63A262E2BF300EA2B5C /* Main.storyboard in Resources */ = {isa = PBXBuildFile; fileRef = 28CCE638262E2BF300EA2B5C /* Main.storyboard */; };
		28CCE63C262E2BF400EA2B5C /* Assets.xcassets in Resources */ = {isa = PBXBuildFile; fileRef = 28CCE63B262E2BF400EA2B5C /* Assets.xcassets */; };
		28CCE63F262E2BF400EA2B5C /* LaunchScreen.storyboard in Resources */ = {isa = PBXBuildFile; fileRef = 28CCE63D262E2BF400EA2B5C /* LaunchScreen.storyboard */; };
		28CCE649262E32A600EA2B5C /* MenuViewController.swift in Sources */ = {isa = PBXBuildFile; fileRef = 28CCE648262E32A600EA2B5C /* MenuViewController.swift */; };
		28CCE64C262E351400EA2B5C /* GlobosViewController.swift in Sources */ = {isa = PBXBuildFile; fileRef = 28CCE64B262E351400EA2B5C /* GlobosViewController.swift */; };
		28CCE64F262E359900EA2B5C /* FinGlobosViewController.swift in Sources */ = {isa = PBXBuildFile; fileRef = 28CCE64E262E359900EA2B5C /* FinGlobosViewController.swift */; };
		28CCE652262E382F00EA2B5C /* CiclosViewController.swift in Sources */ = {isa = PBXBuildFile; fileRef = 28CCE651262E382F00EA2B5C /* CiclosViewController.swift */; };
		28CCE655262E38BD00EA2B5C /* FinCiclosViewController.swift in Sources */ = {isa = PBXBuildFile; fileRef = 28CCE654262E38BD00EA2B5C /* FinCiclosViewController.swift */; };
/* End PBXBuildFile section */

/* Begin PBXFileReference section */
		28CCE62F262E2BF300EA2B5C /* AprendizajeC++.app */ = {isa = PBXFileReference; explicitFileType = wrapper.application; includeInIndex = 0; path = "AprendizajeC++.app"; sourceTree = BUILT_PRODUCTS_DIR; };
		28CCE632262E2BF300EA2B5C /* AppDelegate.swift */ = {isa = PBXFileReference; lastKnownFileType = sourcecode.swift; path = AppDelegate.swift; sourceTree = "<group>"; };
		28CCE634262E2BF300EA2B5C /* SceneDelegate.swift */ = {isa = PBXFileReference; lastKnownFileType = sourcecode.swift; path = SceneDelegate.swift; sourceTree = "<group>"; };
		28CCE636262E2BF300EA2B5C /* ViewController.swift */ = {isa = PBXFileReference; lastKnownFileType = sourcecode.swift; path = ViewController.swift; sourceTree = "<group>"; };
		28CCE639262E2BF300EA2B5C /* Base */ = {isa = PBXFileReference; lastKnownFileType = file.storyboard; name = Base; path = Base.lproj/Main.storyboard; sourceTree = "<group>"; };
		28CCE63B262E2BF400EA2B5C /* Assets.xcassets */ = {isa = PBXFileReference; lastKnownFileType = folder.assetcatalog; path = Assets.xcassets; sourceTree = "<group>"; };
		28CCE63E262E2BF400EA2B5C /* Base */ = {isa = PBXFileReference; lastKnownFileType = file.storyboard; name = Base; path = Base.lproj/LaunchScreen.storyboard; sourceTree = "<group>"; };
		28CCE640262E2BF400EA2B5C /* Info.plist */ = {isa = PBXFileReference; lastKnownFileType = text.plist.xml; path = Info.plist; sourceTree = "<group>"; };
		28CCE648262E32A600EA2B5C /* MenuViewController.swift */ = {isa = PBXFileReference; lastKnownFileType = sourcecode.swift; path = MenuViewController.swift; sourceTree = "<group>"; };
		28CCE64B262E351400EA2B5C /* GlobosViewController.swift */ = {isa = PBXFileReference; lastKnownFileType = sourcecode.swift; path = GlobosViewController.swift; sourceTree = "<group>"; };
		28CCE64E262E359900EA2B5C /* FinGlobosViewController.swift */ = {isa = PBXFileReference; lastKnownFileType = sourcecode.swift; path = FinGlobosViewController.swift; sourceTree = "<group>"; };
		28CCE651262E382F00EA2B5C /* CiclosViewController.swift */ = {isa = PBXFileReference; lastKnownFileType = sourcecode.swift; path = CiclosViewController.swift; sourceTree = "<group>"; };
		28CCE654262E38BD00EA2B5C /* FinCiclosViewController.swift */ = {isa = PBXFileReference; lastKnownFileType = sourcecode.swift; path = FinCiclosViewController.swift; sourceTree = "<group>"; };
/* End PBXFileReference section */

/* Begin PBXFrameworksBuildPhase section */
		28CCE62C262E2BF300EA2B5C /* Frameworks */ = {
			isa = PBXFrameworksBuildPhase;
			buildActionMask = 2147483647;
			files = (
			);
			runOnlyForDeploymentPostprocessing = 0;
		};
/* End PBXFrameworksBuildPhase section */

/* Begin PBXGroup section */
		28CCE626262E2BF300EA2B5C = {
			isa = PBXGroup;
			children = (
				28CCE631262E2BF300EA2B5C /* AprendizajeC++ */,
				28CCE630262E2BF300EA2B5C /* Products */,
			);
			sourceTree = "<group>";
		};
		28CCE630262E2BF300EA2B5C /* Products */ = {
			isa = PBXGroup;
			children = (
				28CCE62F262E2BF300EA2B5C /* AprendizajeC++.app */,
			);
			name = Products;
			sourceTree = "<group>";
		};
		28CCE631262E2BF300EA2B5C /* AprendizajeC++ */ = {
			isa = PBXGroup;
			children = (
				28CCE632262E2BF300EA2B5C /* AppDelegate.swift */,
				28CCE634262E2BF300EA2B5C /* SceneDelegate.swift */,
				28CCE636262E2BF300EA2B5C /* ViewController.swift */,
				28CCE638262E2BF300EA2B5C /* Main.storyboard */,
				28CCE654262E38BD00EA2B5C /* FinCiclosViewController.swift */,
				28CCE651262E382F00EA2B5C /* CiclosViewController.swift */,
				28CCE64E262E359900EA2B5C /* FinGlobosViewController.swift */,
				28CCE64B262E351400EA2B5C /* GlobosViewController.swift */,
				28CCE648262E32A600EA2B5C /* MenuViewController.swift */,
				28CCE63B262E2BF400EA2B5C /* Assets.xcassets */,
				28CCE63D262E2BF400EA2B5C /* LaunchScreen.storyboard */,
				28CCE640262E2BF400EA2B5C /* Info.plist */,
			);
			path = "AprendizajeC++";
			sourceTree = "<group>";
		};
/* End PBXGroup section */

/* Begin PBXNativeTarget section */
		28CCE62E262E2BF300EA2B5C /* AprendizajeC++ */ = {
			isa = PBXNativeTarget;
			buildConfigurationList = 28CCE643262E2BF400EA2B5C /* Build configuration list for PBXNativeTarget "AprendizajeC++" */;
			buildPhases = (
				28CCE62B262E2BF300EA2B5C /* Sources */,
				28CCE62C262E2BF300EA2B5C /* Frameworks */,
				28CCE62D262E2BF300EA2B5C /* Resources */,
			);
			buildRules = (
			);
			dependencies = (
			);
			name = "AprendizajeC++";
			productName = "AprendizajeC++";
			productReference = 28CCE62F262E2BF300EA2B5C /* AprendizajeC++.app */;
			productType = "com.apple.product-type.application";
		};
/* End PBXNativeTarget section */

/* Begin PBXProject section */
		28CCE627262E2BF300EA2B5C /* Project object */ = {
			isa = PBXProject;
			attributes = {
				LastSwiftUpdateCheck = 1240;
				LastUpgradeCheck = 1240;
				TargetAttributes = {
					28CCE62E262E2BF300EA2B5C = {
						CreatedOnToolsVersion = 12.4;
					};
				};
			};
			buildConfigurationList = 28CCE62A262E2BF300EA2B5C /* Build configuration list for PBXProject "AprendizajeC++" */;
			compatibilityVersion = "Xcode 9.3";
			developmentRegion = en;
			hasScannedForEncodings = 0;
			knownRegions = (
				en,
				Base,
			);
			mainGroup = 28CCE626262E2BF300EA2B5C;
			productRefGroup = 28CCE630262E2BF300EA2B5C /* Products */;
			projectDirPath = "";
			projectRoot = "";
			targets = (
				28CCE62E262E2BF300EA2B5C /* AprendizajeC++ */,
			);
		};
/* End PBXProject section */

/* Begin PBXResourcesBuildPhase section */
		28CCE62D262E2BF300EA2B5C /* Resources */ = {
			isa = PBXResourcesBuildPhase;
			buildActionMask = 2147483647;
			files = (
				28CCE63F262E2BF400EA2B5C /* LaunchScreen.storyboard in Resources */,
				28CCE63C262E2BF400EA2B5C /* Assets.xcassets in Resources */,
				28CCE63A262E2BF300EA2B5C /* Main.storyboard in Resources */,
			);
			runOnlyForDeploymentPostprocessing = 0;
		};
/* End PBXResourcesBuildPhase section */

/* Begin PBXSourcesBuildPhase section */
		28CCE62B262E2BF300EA2B5C /* Sources */ = {
			isa = PBXSourcesBuildPhase;
			buildActionMask = 2147483647;
			files = (
				28CCE637262E2BF300EA2B5C /* ViewController.swift in Sources */,
				28CCE655262E38BD00EA2B5C /* FinCiclosViewController.swift in Sources */,
				28CCE633262E2BF300EA2B5C /* AppDelegate.swift in Sources */,
				28CCE635262E2BF300EA2B5C /* SceneDelegate.swift in Sources */,
				28CCE64C262E351400EA2B5C /* GlobosViewController.swift in Sources */,
				28CCE64F262E359900EA2B5C /* FinGlobosViewController.swift in Sources */,
				28CCE649262E32A600EA2B5C /* MenuViewController.swift in Sources */,
				28CCE652262E382F00EA2B5C /* CiclosViewController.swift in Sources */,
			);
			runOnlyForDeploymentPostprocessing = 0;
		};
/* End PBXSourcesBuildPhase section */

/* Begin PBXVariantGroup section */
		28CCE638262E2BF300EA2B5C /* Main.storyboard */ = {
			isa = PBXVariantGroup;
			children = (
				28CCE639262E2BF300EA2B5C /* Base */,
			);
			name = Main.storyboard;
			sourceTree = "<group>";
		};
		28CCE63D262E2BF400EA2B5C /* LaunchScreen.storyboard */ = {
			isa = PBXVariantGroup;
			children = (
				28CCE63E262E2BF400EA2B5C /* Base */,
			);
			name = LaunchScreen.storyboard;
			sourceTree = "<group>";
		};
/* End PBXVariantGroup section */

/* Begin XCBuildConfiguration section */
		28CCE641262E2BF400EA2B5C /* Debug */ = {
			isa = XCBuildConfiguration;
			buildSettings = {
				ALWAYS_SEARCH_USER_PATHS = NO;
				CLANG_ANALYZER_NONNULL = YES;
				CLANG_ANALYZER_NUMBER_OBJECT_CONVERSION = YES_AGGRESSIVE;
				CLANG_CXX_LANGUAGE_STANDARD = "gnu++14";
				CLANG_CXX_LIBRARY = "libc++";
				CLANG_ENABLE_MODULES = YES;
				CLANG_ENABLE_OBJC_ARC = YES;
				CLANG_ENABLE_OBJC_WEAK = YES;
				CLANG_WARN_BLOCK_CAPTURE_AUTORELEASING = YES;
				CLANG_WARN_BOOL_CONVERSION = YES;
				CLANG_WARN_COMMA = YES;
				CLANG_WARN_CONSTANT_CONVERSION = YES;
				CLANG_WARN_DEPRECATED_OBJC_IMPLEMENTATIONS = YES;
				CLANG_WARN_DIRECT_OBJC_ISA_USAGE = YES_ERROR;
				CLANG_WARN_DOCUMENTATION_COMMENTS = YES;
				CLANG_WARN_EMPTY_BODY = YES;
				CLANG_WARN_ENUM_CONVERSION = YES;
				CLANG_WARN_INFINITE_RECURSION = YES;
				CLANG_WARN_INT_CONVERSION = YES;
				CLANG_WARN_NON_LITERAL_NULL_CONVERSION = YES;
				CLANG_WARN_OBJC_IMPLICIT_RETAIN_SELF = YES;
				CLANG_WARN_OBJC_LITERAL_CONVERSION = YES;
				CLANG_WARN_OBJC_ROOT_CLASS = YES_ERROR;
				CLANG_WARN_QUOTED_INCLUDE_IN_FRAMEWORK_HEADER = YES;
				CLANG_WARN_RANGE_LOOP_ANALYSIS = YES;
				CLANG_WARN_STRICT_PROTOTYPES = YES;
				CLANG_WARN_SUSPICIOUS_MOVE = YES;
				CLANG_WARN_UNGUARDED_AVAILABILITY = YES_AGGRESSIVE;
				CLANG_WARN_UNREACHABLE_CODE = YES;
				CLANG_WARN__DUPLICATE_METHOD_MATCH = YES;
				COPY_PHASE_STRIP = NO;
				DEBUG_INFORMATION_FORMAT = dwarf;
				ENABLE_STRICT_OBJC_MSGSEND = YES;
				ENABLE_TESTABILITY = YES;
				GCC_C_LANGUAGE_STANDARD = gnu11;
				GCC_DYNAMIC_NO_PIC = NO;
				GCC_NO_COMMON_BLOCKS = YES;
				GCC_OPTIMIZATION_LEVEL = 0;
				GCC_PREPROCESSOR_DEFINITIONS = (
					"DEBUG=1",
					"$(inherited)",
				);
				GCC_WARN_64_TO_32_BIT_CONVERSION = YES;
				GCC_WARN_ABOUT_RETURN_TYPE = YES_ERROR;
				GCC_WARN_UNDECLARED_SELECTOR = YES;
				GCC_WARN_UNINITIALIZED_AUTOS = YES_AGGRESSIVE;
				GCC_WARN_UNUSED_FUNCTION = YES;
				GCC_WARN_UNUSED_VARIABLE = YES;
				IPHONEOS_DEPLOYMENT_TARGET = 14.4;
				MTL_ENABLE_DEBUG_INFO = INCLUDE_SOURCE;
				MTL_FAST_MATH = YES;
				ONLY_ACTIVE_ARCH = YES;
				SDKROOT = iphoneos;
				SWIFT_ACTIVE_COMPILATION_CONDITIONS = DEBUG;
				SWIFT_OPTIMIZATION_LEVEL = "-Onone";
			};
			name = Debug;
		};
		28CCE642262E2BF400EA2B5C /* Release */ = {
			isa = XCBuildConfiguration;
			buildSettings = {
				ALWAYS_SEARCH_USER_PATHS = NO;
				CLANG_ANALYZER_NONNULL = YES;
				CLANG_ANALYZER_NUMBER_OBJECT_CONVERSION = YES_AGGRESSIVE;
				CLANG_CXX_LANGUAGE_STANDARD = "gnu++14";
				CLANG_CXX_LIBRARY = "libc++";
				CLANG_ENABLE_MODULES = YES;
				CLANG_ENABLE_OBJC_ARC = YES;
				CLANG_ENABLE_OBJC_WEAK = YES;
				CLANG_WARN_BLOCK_CAPTURE_AUTORELEASING = YES;
				CLANG_WARN_BOOL_CONVERSION = YES;
				CLANG_WARN_COMMA = YES;
				CLANG_WARN_CONSTANT_CONVERSION = YES;
				CLANG_WARN_DEPRECATED_OBJC_IMPLEMENTATIONS = YES;
				CLANG_WARN_DIRECT_OBJC_ISA_USAGE = YES_ERROR;
				CLANG_WARN_DOCUMENTATION_COMMENTS = YES;
				CLANG_WARN_EMPTY_BODY = YES;
				CLANG_WARN_ENUM_CONVERSION = YES;
				CLANG_WARN_INFINITE_RECURSION = YES;
				CLANG_WARN_INT_CONVERSION = YES;
				CLANG_WARN_NON_LITERAL_NULL_CONVERSION = YES;
				CLANG_WARN_OBJC_IMPLICIT_RETAIN_SELF = YES;
				CLANG_WARN_OBJC_LITERAL_CONVERSION = YES;
				CLANG_WARN_OBJC_ROOT_CLASS = YES_ERROR;
				CLANG_WARN_QUOTED_INCLUDE_IN_FRAMEWORK_HEADER = YES;
				CLANG_WARN_RANGE_LOOP_ANALYSIS = YES;
				CLANG_WARN_STRICT_PROTOTYPES = YES;
				CLANG_WARN_SUSPICIOUS_MOVE = YES;
				CLANG_WARN_UNGUARDED_AVAILABILITY = YES_AGGRESSIVE;
				CLANG_WARN_UNREACHABLE_CODE = YES;
				CLANG_WARN__DUPLICATE_METHOD_MATCH = YES;
				COPY_PHASE_STRIP = NO;
				DEBUG_INFORMATION_FORMAT = "dwarf-with-dsym";
				ENABLE_NS_ASSERTIONS = NO;
				ENABLE_STRICT_OBJC_MSGSEND = YES;
				GCC_C_LANGUAGE_STANDARD = gnu11;
				GCC_NO_COMMON_BLOCKS = YES;
				GCC_WARN_64_TO_32_BIT_CONVERSION = YES;
				GCC_WARN_ABOUT_RETURN_TYPE = YES_ERROR;
				GCC_WARN_UNDECLARED_SELECTOR = YES;
				GCC_WARN_UNINITIALIZED_AUTOS = YES_AGGRESSIVE;
				GCC_WARN_UNUSED_FUNCTION = YES;
				GCC_WARN_UNUSED_VARIABLE = YES;
				IPHONEOS_DEPLOYMENT_TARGET = 14.4;
				MTL_ENABLE_DEBUG_INFO = NO;
				MTL_FAST_MATH = YES;
				SDKROOT = iphoneos;
				SWIFT_COMPILATION_MODE = wholemodule;
				SWIFT_OPTIMIZATION_LEVEL = "-O";
				VALIDATE_PRODUCT = YES;
			};
			name = Release;
		};
		28CCE644262E2BF400EA2B5C /* Debug */ = {
			isa = XCBuildConfiguration;
			buildSettings = {
				ASSETCATALOG_COMPILER_APPICON_NAME = AppIcon;
				ASSETCATALOG_COMPILER_GLOBAL_ACCENT_COLOR_NAME = AccentColor;
				CODE_SIGN_STYLE = Automatic;
				DEVELOPMENT_TEAM = 8WP7X2Z5KA;
				INFOPLIST_FILE = "AprendizajeC++/Info.plist";
				LD_RUNPATH_SEARCH_PATHS = (
					"$(inherited)",
					"@executable_path/Frameworks",
				);
				PRODUCT_BUNDLE_IDENTIFIER = "MarianaMC.AprendizajeC--";
				PRODUCT_NAME = "$(TARGET_NAME)";
				SWIFT_VERSION = 5.0;
				TARGETED_DEVICE_FAMILY = "1,2";
			};
			name = Debug;
		};
		28CCE645262E2BF400EA2B5C /* Release */ = {
			isa = XCBuildConfiguration;
			buildSettings = {
				ASSETCATALOG_COMPILER_APPICON_NAME = AppIcon;
				ASSETCATALOG_COMPILER_GLOBAL_ACCENT_COLOR_NAME = AccentColor;
				CODE_SIGN_STYLE = Automatic;
				DEVELOPMENT_TEAM = 8WP7X2Z5KA;
				INFOPLIST_FILE = "AprendizajeC++/Info.plist";
				LD_RUNPATH_SEARCH_PATHS = (
					"$(inherited)",
					"@executable_path/Frameworks",
				);
				PRODUCT_BUNDLE_IDENTIFIER = "MarianaMC.AprendizajeC--";
				PRODUCT_NAME = "$(TARGET_NAME)";
				SWIFT_VERSION = 5.0;
				TARGETED_DEVICE_FAMILY = "1,2";
			};
			name = Release;
		};
/* End XCBuildConfiguration section */

/* Begin XCConfigurationList section */
		28CCE62A262E2BF300EA2B5C /* Build configuration list for PBXProject "AprendizajeC++" */ = {
			isa = XCConfigurationList;
			buildConfigurations = (
				28CCE641262E2BF400EA2B5C /* Debug */,
				28CCE642262E2BF400EA2B5C /* Release */,
			);
			defaultConfigurationIsVisible = 0;
			defaultConfigurationName = Release;
		};
		28CCE643262E2BF400EA2B5C /* Build configuration list for PBXNativeTarget "AprendizajeC++" */ = {
			isa = XCConfigurationList;
			buildConfigurations = (
				28CCE644262E2BF400EA2B5C /* Debug */,
				28CCE645262E2BF400EA2B5C /* Release */,
			);
			defaultConfigurationIsVisible = 0;
			defaultConfigurationName = Release;
		};
/* End XCConfigurationList section */
	};
	rootObject = 28CCE627262E2BF300EA2B5C /* Project object */;
}
