// !$*UTF8*$!
{
	archiveVersion = 1;
	classes = {
	};
	objectVersion = 50;
	objects = {

/* Begin PBXBuildFile section */
		280C38662630D39000F5E4BE /* ViewControllerBienvenida.swift in Sources */ = {isa = PBXBuildFile; fileRef = 280C38652630D39000F5E4BE /* ViewControllerBienvenida.swift */; };
		280C386D2630D55C00F5E4BE /* ViewControllerMenu.swift in Sources */ = {isa = PBXBuildFile; fileRef = 280C386C2630D55C00F5E4BE /* ViewControllerMenu.swift */; };
		280C38712630D5E500F5E4BE /* ViewControllerTiposDeDatos.swift in Sources */ = {isa = PBXBuildFile; fileRef = 280C38702630D5E500F5E4BE /* ViewControllerTiposDeDatos.swift */; };
		280C38752630D66200F5E4BE /* ViewControllerFinTiposDeDatos.swift in Sources */ = {isa = PBXBuildFile; fileRef = 280C38742630D66200F5E4BE /* ViewControllerFinTiposDeDatos.swift */; };
		280C38782630D6A600F5E4BE /* Globo.swift in Sources */ = {isa = PBXBuildFile; fileRef = 280C38772630D6A600F5E4BE /* Globo.swift */; };
		280C387C2630D6DF00F5E4BE /* ViewControllerCondicionales.swift in Sources */ = {isa = PBXBuildFile; fileRef = 280C387B2630D6DF00F5E4BE /* ViewControllerCondicionales.swift */; };
		280C38802630D72D00F5E4BE /* ViewControllerFinCondicionales.swift in Sources */ = {isa = PBXBuildFile; fileRef = 280C387F2630D72D00F5E4BE /* ViewControllerFinCondicionales.swift */; };
		280C38832630D7C600F5E4BE /* Pregunta.swift in Sources */ = {isa = PBXBuildFile; fileRef = 280C38822630D7C600F5E4BE /* Pregunta.swift */; };
		280C38872630D7F300F5E4BE /* ViewControllerCiclos.swift in Sources */ = {isa = PBXBuildFile; fileRef = 280C38862630D7F300F5E4BE /* ViewControllerCiclos.swift */; };
		280C388B2630D82E00F5E4BE /* ViewControllerFinCiclos.swift in Sources */ = {isa = PBXBuildFile; fileRef = 280C388A2630D82E00F5E4BE /* ViewControllerFinCiclos.swift */; };
		280C388E2630D86A00F5E4BE /* Ciclo.swift in Sources */ = {isa = PBXBuildFile; fileRef = 280C388D2630D86A00F5E4BE /* Ciclo.swift */; };
		280C38932630D89200F5E4BE /* ViewControllerPalabrasReservadas.swift in Sources */ = {isa = PBXBuildFile; fileRef = 280C38922630D89200F5E4BE /* ViewControllerPalabrasReservadas.swift */; };
		280C38972630D95000F5E4BE /* ViewControllerFinPalabrasReservadas.swift in Sources */ = {isa = PBXBuildFile; fileRef = 280C38962630D95000F5E4BE /* ViewControllerFinPalabrasReservadas.swift */; };
		280C389A2630D99900F5E4BE /* Fruta.swift in Sources */ = {isa = PBXBuildFile; fileRef = 280C38992630D99900F5E4BE /* Fruta.swift */; };
		285CD3362630EA9F00FF5DDE /* listaValores.json in Resources */ = {isa = PBXBuildFile; fileRef = 285CD3352630EA9F00FF5DDE /* listaValores.json */; };
		285CD3392630EAA800FF5DDE /* tiposDeDatos.json in Resources */ = {isa = PBXBuildFile; fileRef = 285CD3382630EAA800FF5DDE /* tiposDeDatos.json */; };
		28CCE633262E2BF300EA2B5C /* AppDelegate.swift in Sources */ = {isa = PBXBuildFile; fileRef = 28CCE632262E2BF300EA2B5C /* AppDelegate.swift */; };
		28CCE635262E2BF300EA2B5C /* SceneDelegate.swift in Sources */ = {isa = PBXBuildFile; fileRef = 28CCE634262E2BF300EA2B5C /* SceneDelegate.swift */; };
		28CCE63A262E2BF300EA2B5C /* Main.storyboard in Resources */ = {isa = PBXBuildFile; fileRef = 28CCE638262E2BF300EA2B5C /* Main.storyboard */; };
		28CCE63C262E2BF400EA2B5C /* Assets.xcassets in Resources */ = {isa = PBXBuildFile; fileRef = 28CCE63B262E2BF400EA2B5C /* Assets.xcassets */; };
		28CCE63F262E2BF400EA2B5C /* LaunchScreen.storyboard in Resources */ = {isa = PBXBuildFile; fileRef = 28CCE63D262E2BF400EA2B5C /* LaunchScreen.storyboard */; };
		5D0174FB263104160011745A /* DatosGlobo.swift in Sources */ = {isa = PBXBuildFile; fileRef = 5D0174FA263104160011745A /* DatosGlobo.swift */; };
/* End PBXBuildFile section */

/* Begin PBXFileReference section */
		280C38652630D39000F5E4BE /* ViewControllerBienvenida.swift */ = {isa = PBXFileReference; lastKnownFileType = sourcecode.swift; path = ViewControllerBienvenida.swift; sourceTree = "<group>"; };
		280C386C2630D55C00F5E4BE /* ViewControllerMenu.swift */ = {isa = PBXFileReference; lastKnownFileType = sourcecode.swift; path = ViewControllerMenu.swift; sourceTree = "<group>"; };
		280C38702630D5E500F5E4BE /* ViewControllerTiposDeDatos.swift */ = {isa = PBXFileReference; lastKnownFileType = sourcecode.swift; path = ViewControllerTiposDeDatos.swift; sourceTree = "<group>"; };
		280C38742630D66200F5E4BE /* ViewControllerFinTiposDeDatos.swift */ = {isa = PBXFileReference; lastKnownFileType = sourcecode.swift; path = ViewControllerFinTiposDeDatos.swift; sourceTree = "<group>"; };
		280C38772630D6A600F5E4BE /* Globo.swift */ = {isa = PBXFileReference; lastKnownFileType = sourcecode.swift; path = Globo.swift; sourceTree = "<group>"; };
		280C387B2630D6DF00F5E4BE /* ViewControllerCondicionales.swift */ = {isa = PBXFileReference; lastKnownFileType = sourcecode.swift; path = ViewControllerCondicionales.swift; sourceTree = "<group>"; };
		280C387F2630D72D00F5E4BE /* ViewControllerFinCondicionales.swift */ = {isa = PBXFileReference; lastKnownFileType = sourcecode.swift; path = ViewControllerFinCondicionales.swift; sourceTree = "<group>"; };
		280C38822630D7C600F5E4BE /* Pregunta.swift */ = {isa = PBXFileReference; lastKnownFileType = sourcecode.swift; path = Pregunta.swift; sourceTree = "<group>"; };
		280C38862630D7F300F5E4BE /* ViewControllerCiclos.swift */ = {isa = PBXFileReference; lastKnownFileType = sourcecode.swift; path = ViewControllerCiclos.swift; sourceTree = "<group>"; };
		280C388A2630D82E00F5E4BE /* ViewControllerFinCiclos.swift */ = {isa = PBXFileReference; lastKnownFileType = sourcecode.swift; path = ViewControllerFinCiclos.swift; sourceTree = "<group>"; };
		280C388D2630D86A00F5E4BE /* Ciclo.swift */ = {isa = PBXFileReference; lastKnownFileType = sourcecode.swift; path = Ciclo.swift; sourceTree = "<group>"; };
		280C38922630D89200F5E4BE /* ViewControllerPalabrasReservadas.swift */ = {isa = PBXFileReference; lastKnownFileType = sourcecode.swift; path = ViewControllerPalabrasReservadas.swift; sourceTree = "<group>"; };
		280C38962630D95000F5E4BE /* ViewControllerFinPalabrasReservadas.swift */ = {isa = PBXFileReference; lastKnownFileType = sourcecode.swift; path = ViewControllerFinPalabrasReservadas.swift; sourceTree = "<group>"; };
		280C38992630D99900F5E4BE /* Fruta.swift */ = {isa = PBXFileReference; lastKnownFileType = sourcecode.swift; path = Fruta.swift; sourceTree = "<group>"; };
		285CD3352630EA9F00FF5DDE /* listaValores.json */ = {isa = PBXFileReference; fileEncoding = 4; lastKnownFileType = text.json; path = listaValores.json; sourceTree = "<group>"; };
		285CD3382630EAA800FF5DDE /* tiposDeDatos.json */ = {isa = PBXFileReference; fileEncoding = 4; lastKnownFileType = text.json; path = tiposDeDatos.json; sourceTree = "<group>"; };
		28CCE62F262E2BF300EA2B5C /* AprendizajeC++.app */ = {isa = PBXFileReference; explicitFileType = wrapper.application; includeInIndex = 0; path = "AprendizajeC++.app"; sourceTree = BUILT_PRODUCTS_DIR; };
		28CCE632262E2BF300EA2B5C /* AppDelegate.swift */ = {isa = PBXFileReference; lastKnownFileType = sourcecode.swift; path = AppDelegate.swift; sourceTree = "<group>"; };
		28CCE634262E2BF300EA2B5C /* SceneDelegate.swift */ = {isa = PBXFileReference; lastKnownFileType = sourcecode.swift; path = SceneDelegate.swift; sourceTree = "<group>"; };
		28CCE639262E2BF300EA2B5C /* Base */ = {isa = PBXFileReference; lastKnownFileType = file.storyboard; name = Base; path = Base.lproj/Main.storyboard; sourceTree = "<group>"; };
		28CCE63B262E2BF400EA2B5C /* Assets.xcassets */ = {isa = PBXFileReference; lastKnownFileType = folder.assetcatalog; path = Assets.xcassets; sourceTree = "<group>"; };
		28CCE63E262E2BF400EA2B5C /* Base */ = {isa = PBXFileReference; lastKnownFileType = file.storyboard; name = Base; path = Base.lproj/LaunchScreen.storyboard; sourceTree = "<group>"; };
		28CCE640262E2BF400EA2B5C /* Info.plist */ = {isa = PBXFileReference; lastKnownFileType = text.plist.xml; path = Info.plist; sourceTree = "<group>"; };
		5D0174FA263104160011745A /* DatosGlobo.swift */ = {isa = PBXFileReference; lastKnownFileType = sourcecode.swift; path = DatosGlobo.swift; sourceTree = "<group>"; };
/* End PBXFileReference section */

/* Begin PBXFrameworksBuildPhase section */
		28CCE62C262E2BF300EA2B5C /* Frameworks */ = {
			isa = PBXFrameworksBuildPhase;
			buildActionMask = 2147483647;
			files = (
			);
			runOnlyForDeploymentPostprocessing = 0;
		};
/* End PBXFrameworksBuildPhase section */

/* Begin PBXGroup section */
		28CCE626262E2BF300EA2B5C = {
			isa = PBXGroup;
			children = (
				28CCE631262E2BF300EA2B5C /* AprendizajeC++ */,
				28CCE630262E2BF300EA2B5C /* Products */,
			);
			sourceTree = "<group>";
		};
		28CCE630262E2BF300EA2B5C /* Products */ = {
			isa = PBXGroup;
			children = (
				28CCE62F262E2BF300EA2B5C /* AprendizajeC++.app */,
			);
			name = Products;
			sourceTree = "<group>";
		};
		28CCE631262E2BF300EA2B5C /* AprendizajeC++ */ = {
			isa = PBXGroup;
			children = (
				28CCE632262E2BF300EA2B5C /* AppDelegate.swift */,
				28CCE63B262E2BF400EA2B5C /* Assets.xcassets */,
				280C388D2630D86A00F5E4BE /* Ciclo.swift */,
				5D0174FA263104160011745A /* DatosGlobo.swift */,
				280C38992630D99900F5E4BE /* Fruta.swift */,
				280C38772630D6A600F5E4BE /* Globo.swift */,
				28CCE640262E2BF400EA2B5C /* Info.plist */,
				28CCE63D262E2BF400EA2B5C /* LaunchScreen.storyboard */,
				285CD3352630EA9F00FF5DDE /* listaValores.json */,
				28CCE638262E2BF300EA2B5C /* Main.storyboard */,
				280C38822630D7C600F5E4BE /* Pregunta.swift */,
				28CCE634262E2BF300EA2B5C /* SceneDelegate.swift */,
				285CD3382630EAA800FF5DDE /* tiposDeDatos.json */,
				280C38652630D39000F5E4BE /* ViewControllerBienvenida.swift */,
				280C38862630D7F300F5E4BE /* ViewControllerCiclos.swift */,
				280C387B2630D6DF00F5E4BE /* ViewControllerCondicionales.swift */,
				280C388A2630D82E00F5E4BE /* ViewControllerFinCiclos.swift */,
				280C387F2630D72D00F5E4BE /* ViewControllerFinCondicionales.swift */,
				280C38962630D95000F5E4BE /* ViewControllerFinPalabrasReservadas.swift */,
				280C38742630D66200F5E4BE /* ViewControllerFinTiposDeDatos.swift */,
				280C386C2630D55C00F5E4BE /* ViewControllerMenu.swift */,
				280C38922630D89200F5E4BE /* ViewControllerPalabrasReservadas.swift */,
				280C38702630D5E500F5E4BE /* ViewControllerTiposDeDatos.swift */,
			);
			path = "AprendizajeC++";
			sourceTree = "<group>";
		};
/* End PBXGroup section */

/* Begin PBXNativeTarget section */
		28CCE62E262E2BF300EA2B5C /* AprendizajeC++ */ = {
			isa = PBXNativeTarget;
			buildConfigurationList = 28CCE643262E2BF400EA2B5C /* Build configuration list for PBXNativeTarget "AprendizajeC++" */;
			buildPhases = (
				28CCE62B262E2BF300EA2B5C /* Sources */,
				28CCE62C262E2BF300EA2B5C /* Frameworks */,
				28CCE62D262E2BF300EA2B5C /* Resources */,
			);
			buildRules = (
			);
			dependencies = (
			);
			name = "AprendizajeC++";
			productName = "AprendizajeC++";
			productReference = 28CCE62F262E2BF300EA2B5C /* AprendizajeC++.app */;
			productType = "com.apple.product-type.application";
		};
/* End PBXNativeTarget section */

/* Begin PBXProject section */
		28CCE627262E2BF300EA2B5C /* Project object */ = {
			isa = PBXProject;
			attributes = {
				LastSwiftUpdateCheck = 1240;
				LastUpgradeCheck = 1240;
				TargetAttributes = {
					28CCE62E262E2BF300EA2B5C = {
						CreatedOnToolsVersion = 12.4;
					};
				};
			};
			buildConfigurationList = 28CCE62A262E2BF300EA2B5C /* Build configuration list for PBXProject "AprendizajeC++" */;
			compatibilityVersion = "Xcode 9.3";
			developmentRegion = en;
			hasScannedForEncodings = 0;
			knownRegions = (
				en,
				Base,
			);
			mainGroup = 28CCE626262E2BF300EA2B5C;
			productRefGroup = 28CCE630262E2BF300EA2B5C /* Products */;
			projectDirPath = "";
			projectRoot = "";
			targets = (
				28CCE62E262E2BF300EA2B5C /* AprendizajeC++ */,
			);
		};
/* End PBXProject section */

/* Begin PBXResourcesBuildPhase section */
		28CCE62D262E2BF300EA2B5C /* Resources */ = {
			isa = PBXResourcesBuildPhase;
			buildActionMask = 2147483647;
			files = (
				28CCE63F262E2BF400EA2B5C /* LaunchScreen.storyboard in Resources */,
				28CCE63C262E2BF400EA2B5C /* Assets.xcassets in Resources */,
				285CD3362630EA9F00FF5DDE /* listaValores.json in Resources */,
				285CD3392630EAA800FF5DDE /* tiposDeDatos.json in Resources */,
				28CCE63A262E2BF300EA2B5C /* Main.storyboard in Resources */,
			);
			runOnlyForDeploymentPostprocessing = 0;
		};
/* End PBXResourcesBuildPhase section */

/* Begin PBXSourcesBuildPhase section */
		28CCE62B262E2BF300EA2B5C /* Sources */ = {
			isa = PBXSourcesBuildPhase;
			buildActionMask = 2147483647;
			files = (
				280C38752630D66200F5E4BE /* ViewControllerFinTiposDeDatos.swift in Sources */,
				280C38972630D95000F5E4BE /* ViewControllerFinPalabrasReservadas.swift in Sources */,
				280C38712630D5E500F5E4BE /* ViewControllerTiposDeDatos.swift in Sources */,
				280C387C2630D6DF00F5E4BE /* ViewControllerCondicionales.swift in Sources */,
				280C38872630D7F300F5E4BE /* ViewControllerCiclos.swift in Sources */,
				280C386D2630D55C00F5E4BE /* ViewControllerMenu.swift in Sources */,
				28CCE633262E2BF300EA2B5C /* AppDelegate.swift in Sources */,
				280C38782630D6A600F5E4BE /* Globo.swift in Sources */,
				280C389A2630D99900F5E4BE /* Fruta.swift in Sources */,
				280C388B2630D82E00F5E4BE /* ViewControllerFinCiclos.swift in Sources */,
				280C38832630D7C600F5E4BE /* Pregunta.swift in Sources */,
				5D0174FB263104160011745A /* DatosGlobo.swift in Sources */,
				280C388E2630D86A00F5E4BE /* Ciclo.swift in Sources */,
				280C38802630D72D00F5E4BE /* ViewControllerFinCondicionales.swift in Sources */,
				280C38932630D89200F5E4BE /* ViewControllerPalabrasReservadas.swift in Sources */,
				28CCE635262E2BF300EA2B5C /* SceneDelegate.swift in Sources */,
				280C38662630D39000F5E4BE /* ViewControllerBienvenida.swift in Sources */,
			);
			runOnlyForDeploymentPostprocessing = 0;
		};
/* End PBXSourcesBuildPhase section */

/* Begin PBXVariantGroup section */
		28CCE638262E2BF300EA2B5C /* Main.storyboard */ = {
			isa = PBXVariantGroup;
			children = (
				28CCE639262E2BF300EA2B5C /* Base */,
			);
			name = Main.storyboard;
			sourceTree = "<group>";
		};
		28CCE63D262E2BF400EA2B5C /* LaunchScreen.storyboard */ = {
			isa = PBXVariantGroup;
			children = (
				28CCE63E262E2BF400EA2B5C /* Base */,
			);
			name = LaunchScreen.storyboard;
			sourceTree = "<group>";
		};
/* End PBXVariantGroup section */

/* Begin XCBuildConfiguration section */
		28CCE641262E2BF400EA2B5C /* Debug */ = {
			isa = XCBuildConfiguration;
			buildSettings = {
				ALWAYS_SEARCH_USER_PATHS = NO;
				CLANG_ANALYZER_NONNULL = YES;
				CLANG_ANALYZER_NUMBER_OBJECT_CONVERSION = YES_AGGRESSIVE;
				CLANG_CXX_LANGUAGE_STANDARD = "gnu++14";
				CLANG_CXX_LIBRARY = "libc++";
				CLANG_ENABLE_MODULES = YES;
				CLANG_ENABLE_OBJC_ARC = YES;
				CLANG_ENABLE_OBJC_WEAK = YES;
				CLANG_WARN_BLOCK_CAPTURE_AUTORELEASING = YES;
				CLANG_WARN_BOOL_CONVERSION = YES;
				CLANG_WARN_COMMA = YES;
				CLANG_WARN_CONSTANT_CONVERSION = YES;
				CLANG_WARN_DEPRECATED_OBJC_IMPLEMENTATIONS = YES;
				CLANG_WARN_DIRECT_OBJC_ISA_USAGE = YES_ERROR;
				CLANG_WARN_DOCUMENTATION_COMMENTS = YES;
				CLANG_WARN_EMPTY_BODY = YES;
				CLANG_WARN_ENUM_CONVERSION = YES;
				CLANG_WARN_INFINITE_RECURSION = YES;
				CLANG_WARN_INT_CONVERSION = YES;
				CLANG_WARN_NON_LITERAL_NULL_CONVERSION = YES;
				CLANG_WARN_OBJC_IMPLICIT_RETAIN_SELF = YES;
				CLANG_WARN_OBJC_LITERAL_CONVERSION = YES;
				CLANG_WARN_OBJC_ROOT_CLASS = YES_ERROR;
				CLANG_WARN_QUOTED_INCLUDE_IN_FRAMEWORK_HEADER = YES;
				CLANG_WARN_RANGE_LOOP_ANALYSIS = YES;
				CLANG_WARN_STRICT_PROTOTYPES = YES;
				CLANG_WARN_SUSPICIOUS_MOVE = YES;
				CLANG_WARN_UNGUARDED_AVAILABILITY = YES_AGGRESSIVE;
				CLANG_WARN_UNREACHABLE_CODE = YES;
				CLANG_WARN__DUPLICATE_METHOD_MATCH = YES;
				COPY_PHASE_STRIP = NO;
				DEBUG_INFORMATION_FORMAT = dwarf;
				ENABLE_STRICT_OBJC_MSGSEND = YES;
				ENABLE_TESTABILITY = YES;
				GCC_C_LANGUAGE_STANDARD = gnu11;
				GCC_DYNAMIC_NO_PIC = NO;
				GCC_NO_COMMON_BLOCKS = YES;
				GCC_OPTIMIZATION_LEVEL = 0;
				GCC_PREPROCESSOR_DEFINITIONS = (
					"DEBUG=1",
					"$(inherited)",
				);
				GCC_WARN_64_TO_32_BIT_CONVERSION = YES;
				GCC_WARN_ABOUT_RETURN_TYPE = YES_ERROR;
				GCC_WARN_UNDECLARED_SELECTOR = YES;
				GCC_WARN_UNINITIALIZED_AUTOS = YES_AGGRESSIVE;
				GCC_WARN_UNUSED_FUNCTION = YES;
				GCC_WARN_UNUSED_VARIABLE = YES;
				IPHONEOS_DEPLOYMENT_TARGET = 14.4;
				MTL_ENABLE_DEBUG_INFO = INCLUDE_SOURCE;
				MTL_FAST_MATH = YES;
				ONLY_ACTIVE_ARCH = YES;
				SDKROOT = iphoneos;
				SWIFT_ACTIVE_COMPILATION_CONDITIONS = DEBUG;
				SWIFT_OPTIMIZATION_LEVEL = "-Onone";
			};
			name = Debug;
		};
		28CCE642262E2BF400EA2B5C /* Release */ = {
			isa = XCBuildConfiguration;
			buildSettings = {
				ALWAYS_SEARCH_USER_PATHS = NO;
				CLANG_ANALYZER_NONNULL = YES;
				CLANG_ANALYZER_NUMBER_OBJECT_CONVERSION = YES_AGGRESSIVE;
				CLANG_CXX_LANGUAGE_STANDARD = "gnu++14";
				CLANG_CXX_LIBRARY = "libc++";
				CLANG_ENABLE_MODULES = YES;
				CLANG_ENABLE_OBJC_ARC = YES;
				CLANG_ENABLE_OBJC_WEAK = YES;
				CLANG_WARN_BLOCK_CAPTURE_AUTORELEASING = YES;
				CLANG_WARN_BOOL_CONVERSION = YES;
				CLANG_WARN_COMMA = YES;
				CLANG_WARN_CONSTANT_CONVERSION = YES;
				CLANG_WARN_DEPRECATED_OBJC_IMPLEMENTATIONS = YES;
				CLANG_WARN_DIRECT_OBJC_ISA_USAGE = YES_ERROR;
				CLANG_WARN_DOCUMENTATION_COMMENTS = YES;
				CLANG_WARN_EMPTY_BODY = YES;
				CLANG_WARN_ENUM_CONVERSION = YES;
				CLANG_WARN_INFINITE_RECURSION = YES;
				CLANG_WARN_INT_CONVERSION = YES;
				CLANG_WARN_NON_LITERAL_NULL_CONVERSION = YES;
				CLANG_WARN_OBJC_IMPLICIT_RETAIN_SELF = YES;
				CLANG_WARN_OBJC_LITERAL_CONVERSION = YES;
				CLANG_WARN_OBJC_ROOT_CLASS = YES_ERROR;
				CLANG_WARN_QUOTED_INCLUDE_IN_FRAMEWORK_HEADER = YES;
				CLANG_WARN_RANGE_LOOP_ANALYSIS = YES;
				CLANG_WARN_STRICT_PROTOTYPES = YES;
				CLANG_WARN_SUSPICIOUS_MOVE = YES;
				CLANG_WARN_UNGUARDED_AVAILABILITY = YES_AGGRESSIVE;
				CLANG_WARN_UNREACHABLE_CODE = YES;
				CLANG_WARN__DUPLICATE_METHOD_MATCH = YES;
				COPY_PHASE_STRIP = NO;
				DEBUG_INFORMATION_FORMAT = "dwarf-with-dsym";
				ENABLE_NS_ASSERTIONS = NO;
				ENABLE_STRICT_OBJC_MSGSEND = YES;
				GCC_C_LANGUAGE_STANDARD = gnu11;
				GCC_NO_COMMON_BLOCKS = YES;
				GCC_WARN_64_TO_32_BIT_CONVERSION = YES;
				GCC_WARN_ABOUT_RETURN_TYPE = YES_ERROR;
				GCC_WARN_UNDECLARED_SELECTOR = YES;
				GCC_WARN_UNINITIALIZED_AUTOS = YES_AGGRESSIVE;
				GCC_WARN_UNUSED_FUNCTION = YES;
				GCC_WARN_UNUSED_VARIABLE = YES;
				IPHONEOS_DEPLOYMENT_TARGET = 14.4;
				MTL_ENABLE_DEBUG_INFO = NO;
				MTL_FAST_MATH = YES;
				SDKROOT = iphoneos;
				SWIFT_COMPILATION_MODE = wholemodule;
				SWIFT_OPTIMIZATION_LEVEL = "-O";
				VALIDATE_PRODUCT = YES;
			};
			name = Release;
		};
		28CCE644262E2BF400EA2B5C /* Debug */ = {
			isa = XCBuildConfiguration;
			buildSettings = {
				ASSETCATALOG_COMPILER_APPICON_NAME = AppIcon;
				ASSETCATALOG_COMPILER_GLOBAL_ACCENT_COLOR_NAME = AccentColor;
				CODE_SIGN_STYLE = Automatic;
				DEVELOPMENT_TEAM = 8WP7X2Z5KA;
				INFOPLIST_FILE = "AprendizajeC++/Info.plist";
				LD_RUNPATH_SEARCH_PATHS = (
					"$(inherited)",
					"@executable_path/Frameworks",
				);
				PRODUCT_BUNDLE_IDENTIFIER = "MarianaMC.AprendizajeC--";
				PRODUCT_NAME = "$(TARGET_NAME)";
				SWIFT_VERSION = 5.0;
				TARGETED_DEVICE_FAMILY = "1,2";
			};
			name = Debug;
		};
		28CCE645262E2BF400EA2B5C /* Release */ = {
			isa = XCBuildConfiguration;
			buildSettings = {
				ASSETCATALOG_COMPILER_APPICON_NAME = AppIcon;
				ASSETCATALOG_COMPILER_GLOBAL_ACCENT_COLOR_NAME = AccentColor;
				CODE_SIGN_STYLE = Automatic;
				DEVELOPMENT_TEAM = 8WP7X2Z5KA;
				INFOPLIST_FILE = "AprendizajeC++/Info.plist";
				LD_RUNPATH_SEARCH_PATHS = (
					"$(inherited)",
					"@executable_path/Frameworks",
				);
				PRODUCT_BUNDLE_IDENTIFIER = "MarianaMC.AprendizajeC--";
				PRODUCT_NAME = "$(TARGET_NAME)";
				SWIFT_VERSION = 5.0;
				TARGETED_DEVICE_FAMILY = "1,2";
			};
			name = Release;
		};
/* End XCBuildConfiguration section */

/* Begin XCConfigurationList section */
		28CCE62A262E2BF300EA2B5C /* Build configuration list for PBXProject "AprendizajeC++" */ = {
			isa = XCConfigurationList;
			buildConfigurations = (
				28CCE641262E2BF400EA2B5C /* Debug */,
				28CCE642262E2BF400EA2B5C /* Release */,
			);
			defaultConfigurationIsVisible = 0;
			defaultConfigurationName = Release;
		};
		28CCE643262E2BF400EA2B5C /* Build configuration list for PBXNativeTarget "AprendizajeC++" */ = {
			isa = XCConfigurationList;
			buildConfigurations = (
				28CCE644262E2BF400EA2B5C /* Debug */,
				28CCE645262E2BF400EA2B5C /* Release */,
			);
			defaultConfigurationIsVisible = 0;
			defaultConfigurationName = Release;
		};
/* End XCConfigurationList section */
	};
	rootObject = 28CCE627262E2BF300EA2B5C /* Project object */;
}
